# This file was autogenerated by Stack.
# You should not edit this file by hand.
# For more information, please see the documentation at:
#   https://docs.haskellstack.org/en/stable/lock_files

packages:
- completed:
    hackage: HGL-3.2.3.1@sha256:9376119b074c41ab66dce5e07e5bffde84dbb95a6a6dcd028b2d8ac686dcab52,2055
    pantry-tree:
      size: 2189
      sha256: 0673d0dc0b04c99711b663f419f9a76e7b0748dae1eeb77a4818358cca8f4a78
  original:
    hackage: HGL-3.2.3.1
snapshots:
- completed:
    size: 568435
    url: https://raw.githubusercontent.com/commercialhaskell/stackage-snapshots/master/lts/10/4.yaml
    sha256: 65ac0604c29a81f0aef5dff499eb9d6c5cdd7dbfedcfdad6b3f0a9e75b422cbe
  original: lts-10.4
